
Microsoft Visual Studio Solution File, Format Version 12.00
# Visual Studio Version 17
VisualStudioVersion = 17.1.32328.378
MinimumVisualStudioVersion = 10.0.40219.1
Project("{9A19103F-16F7-4668-BE54-9A1E7A4F7556}") = "e6502UnitTests", "e6502UnitTests\e6502UnitTests.csproj", "{2D9AAD34-487F-4EFD-A658-2605B0AB592E}"
EndProject
Project("{9A19103F-16F7-4668-BE54-9A1E7A4F7556}") = "e6502", "e6502\e6502.csproj", "{C2B38D44-82BF-4E1B-B34E-422658883399}"
EndProject
Project("{FAE04EC0-301F-11D3-BF4B-00C04F79EFBC}") = "e6502Debugger", "e6502Debugger\e6502Debugger.csproj", "{8D9F0F83-9E85-4F7C-AB34-6B253F60B1E5}"
EndProject
Project("{FAE04EC0-301F-11D3-BF4B-00C04F79EFBC}") = "e6502.CLI", "e6502.CLI\e6502.CLI.csproj", "{71C72181-6554-48BB-B548-42E6E00D04CD}"
EndProject
Project("{FAE04EC0-301F-11D3-BF4B-00C04F79EFBC}") = "e6502.TUI", "e6502.TUI\e6502.TUI.csproj", "{5057E43C-B0B6-481D-925C-BC6CE8A7EEC4}"
EndProject
Project("{FAE04EC0-301F-11D3-BF4B-00C04F79EFBC}") = "e6502.MCP", "e6502.MCP\e6502.MCP.csproj", "{C96EFD82-1E6C-4D1C-AB51-083C73F6C61E}"
EndProject
Global
	GlobalSection(SolutionConfigurationPlatforms) = preSolution
		Debug|Any CPU = Debug|Any CPU
		Debug|x64 = Debug|x64
		Debug|x86 = Debug|x86
		Release|Any CPU = Release|Any CPU
		Release|x64 = Release|x64
		Release|x86 = Release|x86
	EndGlobalSection
	GlobalSection(ProjectConfigurationPlatforms) = postSolution
		{2D9AAD34-487F-4EFD-A658-2605B0AB592E}.Debug|Any CPU.ActiveCfg = Debug|Any CPU
		{2D9AAD34-487F-4EFD-A658-2605B0AB592E}.Debug|Any CPU.Build.0 = Debug|Any CPU
		{2D9AAD34-487F-4EFD-A658-2605B0AB592E}.Debug|x64.ActiveCfg = Debug|Any CPU
		{2D9AAD34-487F-4EFD-A658-2605B0AB592E}.Debug|x64.Build.0 = Debug|Any CPU
		{2D9AAD34-487F-4EFD-A658-2605B0AB592E}.Debug|x86.ActiveCfg = Debug|Any CPU
		{2D9AAD34-487F-4EFD-A658-2605B0AB592E}.Debug|x86.Build.0 = Debug|Any CPU
		{2D9AAD34-487F-4EFD-A658-2605B0AB592E}.Release|Any CPU.ActiveCfg = Release|Any CPU
		{2D9AAD34-487F-4EFD-A658-2605B0AB592E}.Release|x64.ActiveCfg = Release|Any CPU
		{2D9AAD34-487F-4EFD-A658-2605B0AB592E}.Release|x64.Build.0 = Release|Any CPU
		{2D9AAD34-487F-4EFD-A658-2605B0AB592E}.Release|x86.ActiveCfg = Release|Any CPU
		{2D9AAD34-487F-4EFD-A658-2605B0AB592E}.Release|x86.Build.0 = Release|Any CPU
		{C2B38D44-82BF-4E1B-B34E-422658883399}.Debug|Any CPU.ActiveCfg = Debug|Any CPU
		{C2B38D44-82BF-4E1B-B34E-422658883399}.Debug|Any CPU.Build.0 = Debug|Any CPU
		{C2B38D44-82BF-4E1B-B34E-422658883399}.Debug|x64.ActiveCfg = Debug|Any CPU
		{C2B38D44-82BF-4E1B-B34E-422658883399}.Debug|x64.Build.0 = Debug|Any CPU
		{C2B38D44-82BF-4E1B-B34E-422658883399}.Debug|x86.ActiveCfg = Debug|Any CPU
		{C2B38D44-82BF-4E1B-B34E-422658883399}.Debug|x86.Build.0 = Debug|Any CPU
		{C2B38D44-82BF-4E1B-B34E-422658883399}.Release|Any CPU.ActiveCfg = Release|Any CPU
		{C2B38D44-82BF-4E1B-B34E-422658883399}.Release|Any CPU.Build.0 = Release|Any CPU
		{C2B38D44-82BF-4E1B-B34E-422658883399}.Release|x64.ActiveCfg = Release|Any CPU
		{C2B38D44-82BF-4E1B-B34E-422658883399}.Release|x64.Build.0 = Release|Any CPU
		{C2B38D44-82BF-4E1B-B34E-422658883399}.Release|x86.ActiveCfg = Release|Any CPU
		{C2B38D44-82BF-4E1B-B34E-422658883399}.Release|x86.Build.0 = Release|Any CPU
		{8D9F0F83-9E85-4F7C-AB34-6B253F60B1E5}.Debug|Any CPU.ActiveCfg = Debug|Any CPU
		{8D9F0F83-9E85-4F7C-AB34-6B253F60B1E5}.Debug|Any CPU.Build.0 = Debug|Any CPU
		{8D9F0F83-9E85-4F7C-AB34-6B253F60B1E5}.Debug|x64.ActiveCfg = Debug|Any CPU
		{8D9F0F83-9E85-4F7C-AB34-6B253F60B1E5}.Debug|x64.Build.0 = Debug|Any CPU
		{8D9F0F83-9E85-4F7C-AB34-6B253F60B1E5}.Debug|x86.ActiveCfg = Debug|Any CPU
		{8D9F0F83-9E85-4F7C-AB34-6B253F60B1E5}.Debug|x86.Build.0 = Debug|Any CPU
		{8D9F0F83-9E85-4F7C-AB34-6B253F60B1E5}.Release|Any CPU.ActiveCfg = Release|Any CPU
		{8D9F0F83-9E85-4F7C-AB34-6B253F60B1E5}.Release|x64.ActiveCfg = Release|Any CPU
		{8D9F0F83-9E85-4F7C-AB34-6B253F60B1E5}.Release|x64.Build.0 = Release|Any CPU
		{8D9F0F83-9E85-4F7C-AB34-6B253F60B1E5}.Release|x86.ActiveCfg = Release|Any CPU
		{8D9F0F83-9E85-4F7C-AB34-6B253F60B1E5}.Release|x86.Build.0 = Release|Any CPU
		{71C72181-6554-48BB-B548-42E6E00D04CD}.Debug|Any CPU.ActiveCfg = Debug|Any CPU
		{71C72181-6554-48BB-B548-42E6E00D04CD}.Debug|Any CPU.Build.0 = Debug|Any CPU
		{71C72181-6554-48BB-B548-42E6E00D04CD}.Debug|x64.ActiveCfg = Debug|Any CPU
		{71C72181-6554-48BB-B548-42E6E00D04CD}.Debug|x64.Build.0 = Debug|Any CPU
		{71C72181-6554-48BB-B548-42E6E00D04CD}.Debug|x86.ActiveCfg = Debug|Any CPU
		{71C72181-6554-48BB-B548-42E6E00D04CD}.Debug|x86.Build.0 = Debug|Any CPU
		{71C72181-6554-48BB-B548-42E6E00D04CD}.Release|Any CPU.ActiveCfg = Release|Any CPU
		{71C72181-6554-48BB-B548-42E6E00D04CD}.Release|Any CPU.Build.0 = Release|Any CPU
		{71C72181-6554-48BB-B548-42E6E00D04CD}.Release|x64.ActiveCfg = Release|Any CPU
		{71C72181-6554-48BB-B548-42E6E00D04CD}.Release|x64.Build.0 = Release|Any CPU
		{71C72181-6554-48BB-B548-42E6E00D04CD}.Release|x86.ActiveCfg = Release|Any CPU
		{71C72181-6554-48BB-B548-42E6E00D04CD}.Release|x86.Build.0 = Release|Any CPU
		{5057E43C-B0B6-481D-925C-BC6CE8A7EEC4}.Debug|Any CPU.ActiveCfg = Debug|Any CPU
		{5057E43C-B0B6-481D-925C-BC6CE8A7EEC4}.Debug|Any CPU.Build.0 = Debug|Any CPU
		{5057E43C-B0B6-481D-925C-BC6CE8A7EEC4}.Debug|x64.ActiveCfg = Debug|Any CPU
		{5057E43C-B0B6-481D-925C-BC6CE8A7EEC4}.Debug|x64.Build.0 = Debug|Any CPU
		{5057E43C-B0B6-481D-925C-BC6CE8A7EEC4}.Debug|x86.ActiveCfg = Debug|Any CPU
		{5057E43C-B0B6-481D-925C-BC6CE8A7EEC4}.Debug|x86.Build.0 = Debug|Any CPU
		{5057E43C-B0B6-481D-925C-BC6CE8A7EEC4}.Release|Any CPU.ActiveCfg = Release|Any CPU
		{5057E43C-B0B6-481D-925C-BC6CE8A7EEC4}.Release|Any CPU.Build.0 = Release|Any CPU
		{5057E43C-B0B6-481D-925C-BC6CE8A7EEC4}.Release|x64.ActiveCfg = Release|Any CPU
		{5057E43C-B0B6-481D-925C-BC6CE8A7EEC4}.Release|x64.Build.0 = Release|Any CPU
		{5057E43C-B0B6-481D-925C-BC6CE8A7EEC4}.Release|x86.ActiveCfg = Release|Any CPU
		{5057E43C-B0B6-481D-925C-BC6CE8A7EEC4}.Release|x86.Build.0 = Release|Any CPU
		{C96EFD82-1E6C-4D1C-AB51-083C73F6C61E}.Debug|Any CPU.ActiveCfg = Debug|Any CPU
		{C96EFD82-1E6C-4D1C-AB51-083C73F6C61E}.Debug|Any CPU.Build.0 = Debug|Any CPU
		{C96EFD82-1E6C-4D1C-AB51-083C73F6C61E}.Debug|x64.ActiveCfg = Debug|Any CPU
		{C96EFD82-1E6C-4D1C-AB51-083C73F6C61E}.Debug|x64.Build.0 = Debug|Any CPU
		{C96EFD82-1E6C-4D1C-AB51-083C73F6C61E}.Debug|x86.ActiveCfg = Debug|Any CPU
		{C96EFD82-1E6C-4D1C-AB51-083C73F6C61E}.Debug|x86.Build.0 = Debug|Any CPU
		{C96EFD82-1E6C-4D1C-AB51-083C73F6C61E}.Release|Any CPU.ActiveCfg = Release|Any CPU
		{C96EFD82-1E6C-4D1C-AB51-083C73F6C61E}.Release|Any CPU.Build.0 = Release|Any CPU
		{C96EFD82-1E6C-4D1C-AB51-083C73F6C61E}.Release|x64.ActiveCfg = Release|Any CPU
		{C96EFD82-1E6C-4D1C-AB51-083C73F6C61E}.Release|x64.Build.0 = Release|Any CPU
		{C96EFD82-1E6C-4D1C-AB51-083C73F6C61E}.Release|x86.ActiveCfg = Release|Any CPU
		{C96EFD82-1E6C-4D1C-AB51-083C73F6C61E}.Release|x86.Build.0 = Release|Any CPU
	EndGlobalSection
	GlobalSection(SolutionProperties) = preSolution
		HideSolutionNode = FALSE
	EndGlobalSection
	GlobalSection(ExtensibilityGlobals) = postSolution
		SolutionGuid = {D3DF5991-7000-4B19-A55E-6884537A153C}
	EndGlobalSection
EndGlobal
